{
  "name": "epds",
  "version": "1.0.0",
  "lockfileVersion": 2,
  "requires": true,
  "packages": {
    "": {
      "name": "epds",
      "version": "1.0.0",
      "license": "ISC",
      "dependencies": {
        "@flowjs/fusty-flow.js": "^1.2.0",
        "@flowjs/ng-flow": "^2.7.8",
        "angular": "^1.8.2",
        "angular-animate": "^1.8.2",
        "angular-aria": "^1.8.2",
        "angular-cache-buster": "^0.4.3",
        "angular-cookies": "^1.8.2",
        "angular-file-saver": "^1.1.3",
        "angular-loading-bar": "^0.9.0",
        "angular-messages": "^1.8.2",
        "angular-moment": "^1.3.0",
        "angular-resource": "^1.8.2",
        "angular-route": "^1.8.2",
        "angular-ui-bootstrap": "^2.5.6",
        "angularjs-bootstrap-datetimepicker": "^1.1.4",
        "bootstrap": "^3.4.1",
        "case": "^1.6.3",
        "datatables.net-bs": "^1.10.24",
        "datatables.net-buttons": "^1.7.0",
        "datatables.net-buttons-bs": "^1.7.0",
        "datatables.net-plugins": "^1.10.24",
        "error-stack-parser": "^2.0.6",
        "font-awesome": "^4.7.0",
        "google-libphonenumber": "^3.2.21",
        "intl-tel-input": "^17.0.12",
        "jquery": "^3.6.0",
        "jquery-file-download": "^1.4.6",
        "jquery-highlight": "^3.5.0",
        "jquery-mask-plugin": "^1.14.16",
        "jquery-migrate": "^3.3.2",
        "jquery-mousewheel": "^3.1.13",
        "jquery-ui-dist": "^1.12.1",
        "jssha": "^3.2.0",
        "lodash": "^4.17.21",
        "moment-timezone": "^0.5.33",
        "stack-generator": "^2.0.5",
        "stackframe": "^1.2.0",
        "stacktrace-gps": "^3.0.4",
        "stacktrace-js": "^2.0.2"
      }
    },
    "node_modules/@flowjs/fusty-flow.js": {
      "version": "1.2.0",
      "resolved": "https://registry.npmjs.org/@flowjs/fusty-flow.js/-/fusty-flow.js-1.2.0.tgz",
      "integrity": "sha1-zMFTwd3ZIaggTvGwilpVcqpcXiM="
    },
    "node_modules/@flowjs/ng-flow": {
      "version": "2.7.8",
      "resolved": "https://registry.npmjs.org/@flowjs/ng-flow/-/ng-flow-2.7.8.tgz",
      "integrity": "sha512-zO6jNvz41oMOJj9+1N+vLT0ytitbCtuGABJQRzQDOPXyRMmlSXfJ7om5oYOztyUFrr4jDpE4QFPt+r2/RFceCg=="
    },
    "node_modules/angular": {
      "version": "1.8.3",
      "resolved": "https://registry.npmjs.org/angular/-/angular-1.8.3.tgz",
      "integrity": "sha512-5qjkWIQQVsHj4Sb5TcEs4WZWpFeVFHXwxEBHUhrny41D8UrBAd6T/6nPPAsLngJCReIOqi95W3mxdveveutpZw==",
      "deprecated": "For the actively supported Angular, see https://www.npmjs.com/package/@angular/core. AngularJS support has officially ended. For extended AngularJS support options, see https://goo.gle/angularjs-path-forward."
    },
    "node_modules/angular-animate": {
      "version": "1.8.2",
      "resolved": "https://registry.npmjs.org/angular-animate/-/angular-animate-1.8.2.tgz",
      "integrity": "sha512-Jbr9+grNMs9Kj57xuBU3Ju3NOPAjS1+g2UAwwDv7su1lt0/PLDy+9zEwDiu8C8xJceoTbmBNKiWGPJGBdCQLlA=="
    },
    "node_modules/angular-aria": {
      "version": "1.8.2",
      "resolved": "https://registry.npmjs.org/angular-aria/-/angular-aria-1.8.2.tgz",
      "integrity": "sha512-xWT1Lm+Xug2GM6nGNMioBP4hXt3sj2eGaExa4cVCZUYSVWezgyuD1RiLgzJzwTkBGYplHQUzQaz3yDY8jVI6yQ=="
    },
    "node_modules/angular-cache-buster": {
      "version": "0.4.3",
      "resolved": "https://registry.npmjs.org/angular-cache-buster/-/angular-cache-buster-0.4.3.tgz",
      "integrity": "sha1-6+9Eowfc5FX6v/PShN6pwpzKRpQ="
    },
    "node_modules/angular-cookies": {
      "version": "1.8.2",
      "resolved": "https://registry.npmjs.org/angular-cookies/-/angular-cookies-1.8.2.tgz",
      "integrity": "sha512-M6fCnsnw1pj1+nXuO28ilJ+h6pFCIXQKSEgy9/PIoN0sZr5FqsE9BK18PdBQa8dif+fnHCAYpPU8MgDzT/sZSg=="
    },
    "node_modules/angular-file-saver": {
      "version": "1.1.3",
      "resolved": "https://registry.npmjs.org/angular-file-saver/-/angular-file-saver-1.1.3.tgz",
      "integrity": "sha1-3K7AaVIU8iakyq/IwW0hqaYffRs=",
      "dependencies": {
        "blob-tmp": "^1.0.0",
        "file-saver": "^1.3.3"
      },
      "engines": {
        "node": ">=0.12"
      }
    },
    "node_modules/angular-loading-bar": {
      "version": "0.9.0",
      "resolved": "https://registry.npmjs.org/angular-loading-bar/-/angular-loading-bar-0.9.0.tgz",
      "integrity": "sha1-N+9Swl8QLCFuezzf0vxaXflijkU="
    },
    "node_modules/angular-messages": {
      "version": "1.8.2",
      "resolved": "https://registry.npmjs.org/angular-messages/-/angular-messages-1.8.2.tgz",
      "integrity": "sha512-M1qNh/30cLJi4yJJ+3YB8saPonRcavz5Dquqz0T/aUySKJhIkUoeCkmF+BcLH4SJ5PBp04yy4CZUUeNRVi7jZA=="
    },
    "node_modules/angular-moment": {
      "version": "1.3.0",
      "resolved": "https://registry.npmjs.org/angular-moment/-/angular-moment-1.3.0.tgz",
      "integrity": "sha512-KG8rvO9MoaBLwtGnxTeUveSyNtrL+RNgGl1zqWN36+HDCCVGk2DGWOzqKWB6o+eTTbO3Opn4hupWKIElc8XETA==",
      "dependencies": {
        "moment": ">=2.8.0 <3.0.0"
      },
      "engines": {
        "node": ">=0.10.0"
      }
    },
    "node_modules/angular-resource": {
      "version": "1.8.2",
      "resolved": "https://registry.npmjs.org/angular-resource/-/angular-resource-1.8.2.tgz",
      "integrity": "sha512-CbTu8ypkVZMBLm+Wd+jI9xR7QEVCeUgN8WXsr9Yi9l0s/8ZQa5kEIuYX3F/75Ej8Xs1Jp9DoKjAyvACI6Q8IJA=="
    },
    "node_modules/angular-route": {
      "version": "1.8.2",
      "resolved": "https://registry.npmjs.org/angular-route/-/angular-route-1.8.2.tgz",
      "integrity": "sha512-49LJYxuaQ/ZDiu9dD2xo1LkazqObkGjw0a7dUF7UKCT8EELgBsMd6QrI6aEVGtI62ppkiFkxqmiV8fcwYdXpug=="
    },
    "node_modules/angular-ui-bootstrap": {
      "version": "2.5.6",
      "resolved": "https://registry.npmjs.org/angular-ui-bootstrap/-/angular-ui-bootstrap-2.5.6.tgz",
      "integrity": "sha512-yzcHpPMLQl0232nDzm5P4iAFTFQ9dMw0QgFLuKYbDj9M0xJ62z0oudYD/Lvh1pWfRsukiytP4Xj6BHOSrSXP8A=="
    },
    "node_modules/angularjs-bootstrap-datetimepicker": {
      "version": "1.1.4",
      "resolved": "https://registry.npmjs.org/angularjs-bootstrap-datetimepicker/-/angularjs-bootstrap-datetimepicker-1.1.4.tgz",
      "integrity": "sha1-iKT+oORv6PRWHirDKWT/WJ5UZKk=",
      "dependencies": {
        "angular": "^1.6.4",
        "moment": "^2.18.1"
      }
    },
    "node_modules/blob-tmp": {
      "version": "1.0.0",
      "resolved": "https://registry.npmjs.org/blob-tmp/-/blob-tmp-1.0.0.tgz",
      "integrity": "sha1-3oJJHiIv8TVMd6k+6OTqLIlUQnM="
    },
    "node_modules/bootstrap": {
      "version": "3.4.1",
      "resolved": "https://registry.npmjs.org/bootstrap/-/bootstrap-3.4.1.tgz",
      "integrity": "sha512-yN5oZVmRCwe5aKwzRj6736nSmKDX7pLYwsXiCj/EYmo16hODaBiT4En5btW/jhBF/seV+XMx3aYwukYC3A49DA==",
      "engines": {
        "node": ">=6"
      }
    },
    "node_modules/case": {
      "version": "1.6.3",
      "resolved": "https://registry.npmjs.org/case/-/case-1.6.3.tgz",
      "integrity": "sha512-mzDSXIPaFwVDvZAHqZ9VlbyF4yyXRuX6IvB06WvPYkqJVO24kX1PPhv9bfpKNFZyxYFmmgo03HUiD8iklmJYRQ==",
      "engines": {
        "node": ">= 0.8.0"
      }
    },
    "node_modules/datatables.net": {
      "version": "1.12.1",
      "resolved": "https://registry.npmjs.org/datatables.net/-/datatables.net-1.12.1.tgz",
      "integrity": "sha512-e6XAMUoV41JdQPS/r9YRfRcmTPcCVvyZbWI+xog1Zg+kjVliMQbEkvWK5XFItmi64Cvwg+IqsZbTUJ1KSY3umA==",
      "dependencies": {
        "jquery": ">=1.7"
      }
    },
    "node_modules/datatables.net-bs": {
      "version": "1.12.1",
      "resolved": "https://registry.npmjs.org/datatables.net-bs/-/datatables.net-bs-1.12.1.tgz",
      "integrity": "sha512-oaX1mNhjnASo33mwv6QzgGxD3pAz69qAL+8YlCro3e7oMvszE6wJyprEt80vl8E/TiMp/UUvsaqsup1JZFfMBQ==",
      "dependencies": {
        "datatables.net": ">=1.11.3",
        "jquery": ">=1.7"
      }
    },
    "node_modules/datatables.net-buttons": {
      "version": "1.7.0",
      "resolved": "https://registry.npmjs.org/datatables.net-buttons/-/datatables.net-buttons-1.7.0.tgz",
      "integrity": "sha512-3bWeKBO+lR+aA/KTlJErWIYMrDD54eGbtd7todgLlRoMezQFZVpCyXzOsMaC611D+E4uvOgPnNrLuh3GlmMcRg==",
      "dependencies": {
        "datatables.net": "^1.10.15",
        "jquery": ">=1.7"
      }
    },
    "node_modules/datatables.net-buttons-bs": {
      "version": "1.7.0",
      "resolved": "https://registry.npmjs.org/datatables.net-buttons-bs/-/datatables.net-buttons-bs-1.7.0.tgz",
      "integrity": "sha512-06ayRXtJBfhZ/Q4+TUsdWK5EKuiyBao+N52wyuwm41LjUOoX8PiOZpDIPrkDrH6yIP/C/cmPcZR/mJimiHqXJQ==",
      "dependencies": {
        "datatables.net-bs": "^1.10.15",
        "datatables.net-buttons": "1.7.0",
        "jquery": ">=1.7"
      }
    },
    "node_modules/datatables.net-plugins": {
      "version": "1.10.24",
      "resolved": "https://registry.npmjs.org/datatables.net-plugins/-/datatables.net-plugins-1.10.24.tgz",
      "integrity": "sha512-A0+q4BuPoiRkHXtn/D0bEUR+IiS+hpAp71CtB5BLZqG3R6UPp+OD306FwTZ/z6JUT7cIlf7BsM5fKxpOjhaGoA=="
    },
    "node_modules/error-stack-parser": {
      "version": "2.0.6",
      "resolved": "https://registry.npmjs.org/error-stack-parser/-/error-stack-parser-2.0.6.tgz",
      "integrity": "sha512-d51brTeqC+BHlwF0BhPtcYgF5nlzf9ZZ0ZIUQNZpc9ZB9qw5IJ2diTrBY9jlCJkTLITYPjmiX6OWCwH+fuyNgQ==",
      "dependencies": {
        "stackframe": "^1.1.1"
      }
    },
    "node_modules/file-saver": {
      "version": "1.3.8",
      "resolved": "https://registry.npmjs.org/file-saver/-/file-saver-1.3.8.tgz",
      "integrity": "sha512-spKHSBQIxxS81N/O21WmuXA2F6wppUCsutpzenOeZzOCCJ5gEfcbqJP983IrpLXzYmXnMUa6J03SubcNPdKrlg=="
    },
    "node_modules/font-awesome": {
      "version": "4.7.0",
      "resolved": "https://registry.npmjs.org/font-awesome/-/font-awesome-4.7.0.tgz",
      "integrity": "sha1-j6jPBBGhoxr9B7BtKQK7n8gVoTM=",
      "engines": {
        "node": ">=0.10.3"
      }
    },
    "node_modules/google-libphonenumber": {
      "version": "3.2.21",
      "resolved": "https://registry.npmjs.org/google-libphonenumber/-/google-libphonenumber-3.2.21.tgz",
      "integrity": "sha512-d8dMePLPIZXHGEvyGM4PTEPBxXC29mhXtqruD11iZd9KzyKb216kJuBPZq6m3BTmiI5ZiIb4epzrZsatRJ5ZaA==",
      "engines": {
        "node": ">=0.10"
      }
    },
    "node_modules/intl-tel-input": {
      "version": "17.0.12",
      "resolved": "https://registry.npmjs.org/intl-tel-input/-/intl-tel-input-17.0.12.tgz",
      "integrity": "sha512-jl3DkDQg/aaIPK2hrvtgX2eYgtkz5LxCQW57Ru1Hpdt9MA9VE8PnGUllaMsAm6SeJODHBdMok7XFZR8/M1yytg=="
    },
    "node_modules/jquery": {
      "version": "3.6.0",
      "resolved": "https://registry.npmjs.org/jquery/-/jquery-3.6.0.tgz",
      "integrity": "sha512-JVzAR/AjBvVt2BmYhxRCSYysDsPcssdmTFnzyLEts9qNwmjmu4JTAMYubEfwVOSwpQ1I1sKKFcxhZCI2buerfw=="
    },
    "node_modules/jquery-file-download": {
      "version": "1.4.6",
      "resolved": "https://registry.npmjs.org/jquery-file-download/-/jquery-file-download-1.4.6.tgz",
      "integrity": "sha1-/ly0XUcE+Jflt2I+zoc3EaqLRuo="
    },
    "node_modules/jquery-highlight": {
      "version": "3.5.0",
      "resolved": "https://registry.npmjs.org/jquery-highlight/-/jquery-highlight-3.5.0.tgz",
      "integrity": "sha512-5gzRomQyy3n/byb2G5zhbavdiXcPZ6rAWXtU5FgdEvguDEn90kMm9/QARY3zdKhH/+tfqqu9GNKocbMGf7ThNg==",
      "dependencies": {
        "jquery": ">= 1.0.0"
      }
    },
    "node_modules/jquery-mask-plugin": {
      "version": "1.14.16",
      "resolved": "https://registry.npmjs.org/jquery-mask-plugin/-/jquery-mask-plugin-1.14.16.tgz",
      "integrity": "sha512-reywdHlYEkPbzWjTpcc1fk9XQ3PLvO5dzEAVqy8zI7NTF22tB1HbeU3iboZTLdkBEPaWAqeI2HtEjsGQ4roZKw=="
    },
    "node_modules/jquery-migrate": {
      "version": "3.3.2",
      "resolved": "https://registry.npmjs.org/jquery-migrate/-/jquery-migrate-3.3.2.tgz",
      "integrity": "sha512-L3gYhr7yEtLUSAeqXSicVa0vRD4aGwjw/bWY8YzrO2o/qDY1BaMyP3oB3bZf5Auy3Hu9ynliio0CTyDWCBPVDw==",
      "peerDependencies": {
        "jquery": ">=3 <4"
      }
    },
    "node_modules/jquery-mousewheel": {
      "version": "3.1.13",
      "resolved": "https://registry.npmjs.org/jquery-mousewheel/-/jquery-mousewheel-3.1.13.tgz",
      "integrity": "sha1-BvAzXxbjU6aV5yBr9QUDy1I6buU="
    },
    "node_modules/jquery-ui-dist": {
      "version": "1.12.1",
      "resolved": "https://registry.npmjs.org/jquery-ui-dist/-/jquery-ui-dist-1.12.1.tgz",
      "integrity": "sha1-XAgV08xvkP9fqvWyaKbiO0ypBPo="
    },
    "node_modules/jssha": {
      "version": "3.2.0",
      "resolved": "https://registry.npmjs.org/jssha/-/jssha-3.2.0.tgz",
      "integrity": "sha512-QuruyBENDWdN4tZwJbQq7/eAK85FqrI4oDbXjy5IBhYD+2pTJyBUWZe8ctWaCkrV0gy6AaelgOZZBMeswEa/6Q==",
      "engines": {
        "node": "*"
      }
    },
    "node_modules/lodash": {
      "version": "4.17.21",
      "resolved": "https://registry.npmjs.org/lodash/-/lodash-4.17.21.tgz",
      "integrity": "sha512-v2kDEe57lecTulaDIuNTPy3Ry4gLGJ6Z1O3vE1krgXZNrsQ+LFTGHVxVjcXPs17LhbZVGedAJv8XZ1tvj5FvSg=="
    },
    "node_modules/moment": {
      "version": "2.29.4",
      "resolved": "https://registry.npmjs.org/moment/-/moment-2.29.4.tgz",
      "integrity": "sha512-5LC9SOxjSc2HF6vO2CyuTDNivEdoz2IvyJJGj6X8DJ0eFyfszE0QiEd+iXmBvUP3WHxSjFH/vIsA0EN00cgr8w==",
      "engines": {
        "node": "*"
      }
    },
    "node_modules/moment-timezone": {
      "version": "0.5.38",
      "resolved": "https://registry.npmjs.org/moment-timezone/-/moment-timezone-0.5.38.tgz",
      "integrity": "sha512-nMIrzGah4+oYZPflDvLZUgoVUO4fvAqHstvG3xAUnMolWncuAiLDWNnJZj6EwJGMGfb1ZcuTFE6GI3hNOVWI/Q==",
      "dependencies": {
        "moment": ">= 2.9.0"
      },
      "engines": {
        "node": "*"
      }
    },
    "node_modules/source-map": {
      "version": "0.5.6",
      "resolved": "https://registry.npmjs.org/source-map/-/source-map-0.5.6.tgz",
      "integrity": "sha1-dc449SvwczxafwwRjYEzSiu19BI=",
      "engines": {
        "node": ">=0.10.0"
      }
    },
    "node_modules/stack-generator": {
      "version": "2.0.5",
      "resolved": "https://registry.npmjs.org/stack-generator/-/stack-generator-2.0.5.tgz",
      "integrity": "sha512-/t1ebrbHkrLrDuNMdeAcsvynWgoH/i4o8EGGfX7dEYDoTXOYVAkEpFdtshlvabzc6JlJ8Kf9YdFEoz7JkzGN9Q==",
      "dependencies": {
        "stackframe": "^1.1.1"
      }
    },
    "node_modules/stackframe": {
      "version": "1.2.0",
      "resolved": "https://registry.npmjs.org/stackframe/-/stackframe-1.2.0.tgz",
      "integrity": "sha512-GrdeshiRmS1YLMYgzF16olf2jJ/IzxXY9lhKOskuVziubpTYcYqyOwYeJKzQkwy7uN0fYSsbsC4RQaXf9LCrYA=="
    },
    "node_modules/stacktrace-gps": {
      "version": "3.0.4",
      "resolved": "https://registry.npmjs.org/stacktrace-gps/-/stacktrace-gps-3.0.4.tgz",
      "integrity": "sha512-qIr8x41yZVSldqdqe6jciXEaSCKw1U8XTXpjDuy0ki/apyTn/r3w9hDAAQOhZdxvsC93H+WwwEu5cq5VemzYeg==",
      "dependencies": {
        "source-map": "0.5.6",
        "stackframe": "^1.1.1"
      }
    },
    "node_modules/stacktrace-js": {
      "version": "2.0.2",
      "resolved": "https://registry.npmjs.org/stacktrace-js/-/stacktrace-js-2.0.2.tgz",
      "integrity": "sha512-Je5vBeY4S1r/RnLydLl0TBTi3F2qdfWmYsGvtfZgEI+SCprPppaIhQf5nGcal4gI4cGpCV/duLcAzT1np6sQqg==",
      "dependencies": {
        "error-stack-parser": "^2.0.6",
        "stack-generator": "^2.0.5",
        "stacktrace-gps": "^3.0.4"
      }
    }
  },
  "dependencies": {
    "@flowjs/fusty-flow.js": {
      "version": "1.2.0",
      "resolved": "https://registry.npmjs.org/@flowjs/fusty-flow.js/-/fusty-flow.js-1.2.0.tgz",
      "integrity": "sha1-zMFTwd3ZIaggTvGwilpVcqpcXiM="
    },
    "@flowjs/ng-flow": {
      "version": "2.7.8",
      "resolved": "https://registry.npmjs.org/@flowjs/ng-flow/-/ng-flow-2.7.8.tgz",
      "integrity": "sha512-zO6jNvz41oMOJj9+1N+vLT0ytitbCtuGABJQRzQDOPXyRMmlSXfJ7om5oYOztyUFrr4jDpE4QFPt+r2/RFceCg=="
    },
    "angular": {
      "version": "1.8.3",
      "resolved": "https://registry.npmjs.org/angular/-/angular-1.8.3.tgz",
      "integrity": "sha512-5qjkWIQQVsHj4Sb5TcEs4WZWpFeVFHXwxEBHUhrny41D8UrBAd6T/6nPPAsLngJCReIOqi95W3mxdveveutpZw=="
    },
    "angular-animate": {
      "version": "1.8.2",
      "resolved": "https://registry.npmjs.org/angular-animate/-/angular-animate-1.8.2.tgz",
      "integrity": "sha512-Jbr9+grNMs9Kj57xuBU3Ju3NOPAjS1+g2UAwwDv7su1lt0/PLDy+9zEwDiu8C8xJceoTbmBNKiWGPJGBdCQLlA=="
    },
    "angular-aria": {
      "version": "1.8.2",
      "resolved": "https://registry.npmjs.org/angular-aria/-/angular-aria-1.8.2.tgz",
      "integrity": "sha512-xWT1Lm+Xug2GM6nGNMioBP4hXt3sj2eGaExa4cVCZUYSVWezgyuD1RiLgzJzwTkBGYplHQUzQaz3yDY8jVI6yQ=="
    },
    "angular-cache-buster": {
      "version": "0.4.3",
      "resolved": "https://registry.npmjs.org/angular-cache-buster/-/angular-cache-buster-0.4.3.tgz",
      "integrity": "sha1-6+9Eowfc5FX6v/PShN6pwpzKRpQ="
    },
    "angular-cookies": {
      "version": "1.8.2",
      "resolved": "https://registry.npmjs.org/angular-cookies/-/angular-cookies-1.8.2.tgz",
      "integrity": "sha512-M6fCnsnw1pj1+nXuO28ilJ+h6pFCIXQKSEgy9/PIoN0sZr5FqsE9BK18PdBQa8dif+fnHCAYpPU8MgDzT/sZSg=="
    },
    "angular-file-saver": {
      "version": "1.1.3",
      "resolved": "https://registry.npmjs.org/angular-file-saver/-/angular-file-saver-1.1.3.tgz",
      "integrity": "sha1-3K7AaVIU8iakyq/IwW0hqaYffRs=",
      "requires": {
        "blob-tmp": "^1.0.0",
        "file-saver": "^1.3.3"
      }
    },
    "angular-loading-bar": {
      "version": "0.9.0",
      "resolved": "https://registry.npmjs.org/angular-loading-bar/-/angular-loading-bar-0.9.0.tgz",
      "integrity": "sha1-N+9Swl8QLCFuezzf0vxaXflijkU="
    },
    "angular-messages": {
      "version": "1.8.2",
      "resolved": "https://registry.npmjs.org/angular-messages/-/angular-messages-1.8.2.tgz",
      "integrity": "sha512-M1qNh/30cLJi4yJJ+3YB8saPonRcavz5Dquqz0T/aUySKJhIkUoeCkmF+BcLH4SJ5PBp04yy4CZUUeNRVi7jZA=="
    },
    "angular-moment": {
      "version": "1.3.0",
      "resolved": "https://registry.npmjs.org/angular-moment/-/angular-moment-1.3.0.tgz",
      "integrity": "sha512-KG8rvO9MoaBLwtGnxTeUveSyNtrL+RNgGl1zqWN36+HDCCVGk2DGWOzqKWB6o+eTTbO3Opn4hupWKIElc8XETA==",
      "requires": {
        "moment": ">=2.8.0 <3.0.0"
      }
    },
    "angular-resource": {
      "version": "1.8.2",
      "resolved": "https://registry.npmjs.org/angular-resource/-/angular-resource-1.8.2.tgz",
      "integrity": "sha512-CbTu8ypkVZMBLm+Wd+jI9xR7QEVCeUgN8WXsr9Yi9l0s/8ZQa5kEIuYX3F/75Ej8Xs1Jp9DoKjAyvACI6Q8IJA=="
    },
    "angular-route": {
      "version": "1.8.2",
      "resolved": "https://registry.npmjs.org/angular-route/-/angular-route-1.8.2.tgz",
      "integrity": "sha512-49LJYxuaQ/ZDiu9dD2xo1LkazqObkGjw0a7dUF7UKCT8EELgBsMd6QrI6aEVGtI62ppkiFkxqmiV8fcwYdXpug=="
    },
    "angular-ui-bootstrap": {
      "version": "2.5.6",
      "resolved": "https://registry.npmjs.org/angular-ui-bootstrap/-/angular-ui-bootstrap-2.5.6.tgz",
      "integrity": "sha512-yzcHpPMLQl0232nDzm5P4iAFTFQ9dMw0QgFLuKYbDj9M0xJ62z0oudYD/Lvh1pWfRsukiytP4Xj6BHOSrSXP8A=="
    },
    "angularjs-bootstrap-datetimepicker": {
      "version": "1.1.4",
      "resolved": "https://registry.npmjs.org/angularjs-bootstrap-datetimepicker/-/angularjs-bootstrap-datetimepicker-1.1.4.tgz",
      "integrity": "sha1-iKT+oORv6PRWHirDKWT/WJ5UZKk=",
      "requires": {
        "angular": "^1.6.4",
        "moment": "^2.18.1"
      }
    },
    "blob-tmp": {
      "version": "1.0.0",
      "resolved": "https://registry.npmjs.org/blob-tmp/-/blob-tmp-1.0.0.tgz",
      "integrity": "sha1-3oJJHiIv8TVMd6k+6OTqLIlUQnM="
    },
    "bootstrap": {
      "version": "3.4.1",
      "resolved": "https://registry.npmjs.org/bootstrap/-/bootstrap-3.4.1.tgz",
      "integrity": "sha512-yN5oZVmRCwe5aKwzRj6736nSmKDX7pLYwsXiCj/EYmo16hODaBiT4En5btW/jhBF/seV+XMx3aYwukYC3A49DA=="
    },
    "case": {
      "version": "1.6.3",
      "resolved": "https://registry.npmjs.org/case/-/case-1.6.3.tgz",
      "integrity": "sha512-mzDSXIPaFwVDvZAHqZ9VlbyF4yyXRuX6IvB06WvPYkqJVO24kX1PPhv9bfpKNFZyxYFmmgo03HUiD8iklmJYRQ=="
    },
    "datatables.net": {
      "version": "1.12.1",
      "resolved": "https://registry.npmjs.org/datatables.net/-/datatables.net-1.12.1.tgz",
      "integrity": "sha512-e6XAMUoV41JdQPS/r9YRfRcmTPcCVvyZbWI+xog1Zg+kjVliMQbEkvWK5XFItmi64Cvwg+IqsZbTUJ1KSY3umA==",
      "requires": {
        "jquery": ">=1.7"
      }
    },
    "datatables.net-bs": {
      "version": "1.12.1",
      "resolved": "https://registry.npmjs.org/datatables.net-bs/-/datatables.net-bs-1.12.1.tgz",
      "integrity": "sha512-oaX1mNhjnASo33mwv6QzgGxD3pAz69qAL+8YlCro3e7oMvszE6wJyprEt80vl8E/TiMp/UUvsaqsup1JZFfMBQ==",
      "requires": {
        "datatables.net": ">=1.11.3",
        "jquery": ">=1.7"
      }
    },
    "datatables.net-buttons": {
      "version": "1.7.0",
      "resolved": "https://registry.npmjs.org/datatables.net-buttons/-/datatables.net-buttons-1.7.0.tgz",
      "integrity": "sha512-3bWeKBO+lR+aA/KTlJErWIYMrDD54eGbtd7todgLlRoMezQFZVpCyXzOsMaC611D+E4uvOgPnNrLuh3GlmMcRg==",
      "requires": {
        "datatables.net": "^1.10.15",
        "jquery": ">=1.7"
      }
    },
    "datatables.net-buttons-bs": {
      "version": "1.7.0",
      "resolved": "https://registry.npmjs.org/datatables.net-buttons-bs/-/datatables.net-buttons-bs-1.7.0.tgz",
      "integrity": "sha512-06ayRXtJBfhZ/Q4+TUsdWK5EKuiyBao+N52wyuwm41LjUOoX8PiOZpDIPrkDrH6yIP/C/cmPcZR/mJimiHqXJQ==",
      "requires": {
        "datatables.net-bs": "^1.10.15",
        "datatables.net-buttons": "1.7.0",
        "jquery": ">=1.7"
      }
    },
    "datatables.net-plugins": {
      "version": "1.10.24",
      "resolved": "https://registry.npmjs.org/datatables.net-plugins/-/datatables.net-plugins-1.10.24.tgz",
      "integrity": "sha512-A0+q4BuPoiRkHXtn/D0bEUR+IiS+hpAp71CtB5BLZqG3R6UPp+OD306FwTZ/z6JUT7cIlf7BsM5fKxpOjhaGoA=="
    },
    "error-stack-parser": {
      "version": "2.0.6",
      "resolved": "https://registry.npmjs.org/error-stack-parser/-/error-stack-parser-2.0.6.tgz",
      "integrity": "sha512-d51brTeqC+BHlwF0BhPtcYgF5nlzf9ZZ0ZIUQNZpc9ZB9qw5IJ2diTrBY9jlCJkTLITYPjmiX6OWCwH+fuyNgQ==",
      "requires": {
        "stackframe": "^1.1.1"
      }
    },
    "file-saver": {
      "version": "1.3.8",
      "resolved": "https://registry.npmjs.org/file-saver/-/file-saver-1.3.8.tgz",
      "integrity": "sha512-spKHSBQIxxS81N/O21WmuXA2F6wppUCsutpzenOeZzOCCJ5gEfcbqJP983IrpLXzYmXnMUa6J03SubcNPdKrlg=="
    },
    "font-awesome": {
      "version": "4.7.0",
      "resolved": "https://registry.npmjs.org/font-awesome/-/font-awesome-4.7.0.tgz",
      "integrity": "sha1-j6jPBBGhoxr9B7BtKQK7n8gVoTM="
    },
    "google-libphonenumber": {
      "version": "3.2.21",
      "resolved": "https://registry.npmjs.org/google-libphonenumber/-/google-libphonenumber-3.2.21.tgz",
      "integrity": "sha512-d8dMePLPIZXHGEvyGM4PTEPBxXC29mhXtqruD11iZd9KzyKb216kJuBPZq6m3BTmiI5ZiIb4epzrZsatRJ5ZaA=="
    },
    "intl-tel-input": {
      "version": "17.0.12",
      "resolved": "https://registry.npmjs.org/intl-tel-input/-/intl-tel-input-17.0.12.tgz",
      "integrity": "sha512-jl3DkDQg/aaIPK2hrvtgX2eYgtkz5LxCQW57Ru1Hpdt9MA9VE8PnGUllaMsAm6SeJODHBdMok7XFZR8/M1yytg=="
    },
    "jquery": {
      "version": "3.6.0",
      "resolved": "https://registry.npmjs.org/jquery/-/jquery-3.6.0.tgz",
      "integrity": "sha512-JVzAR/AjBvVt2BmYhxRCSYysDsPcssdmTFnzyLEts9qNwmjmu4JTAMYubEfwVOSwpQ1I1sKKFcxhZCI2buerfw=="
    },
    "jquery-file-download": {
      "version": "1.4.6",
      "resolved": "https://registry.npmjs.org/jquery-file-download/-/jquery-file-download-1.4.6.tgz",
      "integrity": "sha1-/ly0XUcE+Jflt2I+zoc3EaqLRuo="
    },
    "jquery-highlight": {
      "version": "3.5.0",
      "resolved": "https://registry.npmjs.org/jquery-highlight/-/jquery-highlight-3.5.0.tgz",
      "integrity": "sha512-5gzRomQyy3n/byb2G5zhbavdiXcPZ6rAWXtU5FgdEvguDEn90kMm9/QARY3zdKhH/+tfqqu9GNKocbMGf7ThNg==",
      "requires": {
        "jquery": ">= 1.0.0"
      }
    },
    "jquery-mask-plugin": {
      "version": "1.14.16",
      "resolved": "https://registry.npmjs.org/jquery-mask-plugin/-/jquery-mask-plugin-1.14.16.tgz",
      "integrity": "sha512-reywdHlYEkPbzWjTpcc1fk9XQ3PLvO5dzEAVqy8zI7NTF22tB1HbeU3iboZTLdkBEPaWAqeI2HtEjsGQ4roZKw=="
    },
    "jquery-migrate": {
      "version": "3.3.2",
      "resolved": "https://registry.npmjs.org/jquery-migrate/-/jquery-migrate-3.3.2.tgz",
      "integrity": "sha512-L3gYhr7yEtLUSAeqXSicVa0vRD4aGwjw/bWY8YzrO2o/qDY1BaMyP3oB3bZf5Auy3Hu9ynliio0CTyDWCBPVDw==",
      "requires": {}
    },
    "jquery-mousewheel": {
      "version": "3.1.13",
      "resolved": "https://registry.npmjs.org/jquery-mousewheel/-/jquery-mousewheel-3.1.13.tgz",
      "integrity": "sha1-BvAzXxbjU6aV5yBr9QUDy1I6buU="
    },
    "jquery-ui-dist": {
      "version": "1.12.1",
      "resolved": "https://registry.npmjs.org/jquery-ui-dist/-/jquery-ui-dist-1.12.1.tgz",
      "integrity": "sha1-XAgV08xvkP9fqvWyaKbiO0ypBPo="
    },
    "jssha": {
      "version": "3.2.0",
      "resolved": "https://registry.npmjs.org/jssha/-/jssha-3.2.0.tgz",
      "integrity": "sha512-QuruyBENDWdN4tZwJbQq7/eAK85FqrI4oDbXjy5IBhYD+2pTJyBUWZe8ctWaCkrV0gy6AaelgOZZBMeswEa/6Q=="
    },
    "lodash": {
      "version": "4.17.21",
      "resolved": "https://registry.npmjs.org/lodash/-/lodash-4.17.21.tgz",
      "integrity": "sha512-v2kDEe57lecTulaDIuNTPy3Ry4gLGJ6Z1O3vE1krgXZNrsQ+LFTGHVxVjcXPs17LhbZVGedAJv8XZ1tvj5FvSg=="
    },
    "moment": {
      "version": "2.29.4",
      "resolved": "https://registry.npmjs.org/moment/-/moment-2.29.4.tgz",
      "integrity": "sha512-5LC9SOxjSc2HF6vO2CyuTDNivEdoz2IvyJJGj6X8DJ0eFyfszE0QiEd+iXmBvUP3WHxSjFH/vIsA0EN00cgr8w=="
    },
    "moment-timezone": {
      "version": "0.5.38",
      "resolved": "https://registry.npmjs.org/moment-timezone/-/moment-timezone-0.5.38.tgz",
      "integrity": "sha512-nMIrzGah4+oYZPflDvLZUgoVUO4fvAqHstvG3xAUnMolWncuAiLDWNnJZj6EwJGMGfb1ZcuTFE6GI3hNOVWI/Q==",
      "requires": {
        "moment": ">= 2.9.0"
      }
    },
    "source-map": {
      "version": "0.5.6",
      "resolved": "https://registry.npmjs.org/source-map/-/source-map-0.5.6.tgz",
      "integrity": "sha1-dc449SvwczxafwwRjYEzSiu19BI="
    },
    "stack-generator": {
      "version": "2.0.5",
      "resolved": "https://registry.npmjs.org/stack-generator/-/stack-generator-2.0.5.tgz",
      "integrity": "sha512-/t1ebrbHkrLrDuNMdeAcsvynWgoH/i4o8EGGfX7dEYDoTXOYVAkEpFdtshlvabzc6JlJ8Kf9YdFEoz7JkzGN9Q==",
      "requires": {
        "stackframe": "^1.1.1"
      }
    },
    "stackframe": {
      "version": "1.2.0",
      "resolved": "https://registry.npmjs.org/stackframe/-/stackframe-1.2.0.tgz",
      "integrity": "sha512-GrdeshiRmS1YLMYgzF16olf2jJ/IzxXY9lhKOskuVziubpTYcYqyOwYeJKzQkwy7uN0fYSsbsC4RQaXf9LCrYA=="
    },
    "stacktrace-gps": {
      "version": "3.0.4",
      "resolved": "https://registry.npmjs.org/stacktrace-gps/-/stacktrace-gps-3.0.4.tgz",
      "integrity": "sha512-qIr8x41yZVSldqdqe6jciXEaSCKw1U8XTXpjDuy0ki/apyTn/r3w9hDAAQOhZdxvsC93H+WwwEu5cq5VemzYeg==",
      "requires": {
        "source-map": "0.5.6",
        "stackframe": "^1.1.1"
      }
    },
    "stacktrace-js": {
      "version": "2.0.2",
      "resolved": "https://registry.npmjs.org/stacktrace-js/-/stacktrace-js-2.0.2.tgz",
      "integrity": "sha512-Je5vBeY4S1r/RnLydLl0TBTi3F2qdfWmYsGvtfZgEI+SCprPppaIhQf5nGcal4gI4cGpCV/duLcAzT1np6sQqg==",
      "requires": {
        "error-stack-parser": "^2.0.6",
        "stack-generator": "^2.0.5",
        "stacktrace-gps": "^3.0.4"
      }
    }
  }
}
